version: 7
platforms:
- name: osx-arm64
  virtual-packages:
  - __unix=0=0
  - __osx=13.0
  - __archspec=0=m1
environments:
  default:
    channels:
    - url: https://conda.anaconda.org/conda-forge/
    packages:
      osx-arm64:
      - conda: https://conda.anaconda.org/conda-forge/noarch/ca-certificates-2026.7.22-hbd8a1cb_0.conda
      - conda: https://conda.anaconda.org/conda-forge/noarch/python_abi-3.14-8_cp314.conda
      - conda: https://conda.anaconda.org/conda-forge/noarch/tzdata-2026c-h151e31d_0.conda
      - conda: https://conda.anaconda.org/conda-forge/osx-arm64/bzip2-1.0.8-h4e30115_10.conda
      - conda: https://conda.anaconda.org/conda-forge/osx-arm64/icu-78.3-py310h579977c_2.conda
      - conda: https://conda.anaconda.org/conda-forge/osx-arm64/libexpat-2.8.1-hf6b4638_1.conda
      - conda: https://conda.anaconda.org/conda-forge/osx-arm64/libffi-3.7.0-hcf2aa1b_0.conda
      - conda: https://conda.anaconda.org/conda-forge/osx-arm64/liblzma-5.8.3-h8088a28_1.conda
      - conda: https://conda.anaconda.org/conda-forge/osx-arm64/libmpdec-4.0.0-h84a0fba_2.conda
      - conda: https://conda.anaconda.org/conda-forge/osx-arm64/libsqlite-3.53.4-hca69786_1.conda
      - conda: https://conda.anaconda.org/conda-forge/osx-arm64/libzlib-1.3.2-h8088a28_3.conda
      - conda: https://conda.anaconda.org/conda-forge/osx-arm64/ncurses-6.6-he64c551_1.conda
      - conda: https://conda.anaconda.org/conda-forge/osx-arm64/openssl-3.6.3-hd24854e_1.conda
      - conda: https://conda.anaconda.org/conda-forge/osx-arm64/python-3.14.7-hf4d206d_100_cp314.conda
      - conda: https://conda.anaconda.org/conda-forge/osx-arm64/readline-8.3-h8b90a29_1.conda
      - conda: https://conda.anaconda.org/conda-forge/osx-arm64/tk-8.6.13-hd3d0363_3.conda
      - conda: https://conda.anaconda.org/conda-forge/osx-arm64/zstd-1.5.7-hf451053_7.conda
  ota:
    channels:
    - url: https://conda.anaconda.org/conda-forge/
    packages:
      osx-arm64:
      - conda: https://conda.anaconda.org/conda-forge/noarch/annotated-types-0.8.0-pyhd8ed1ab_0.conda
      - conda: https://conda.anaconda.org/conda-forge/noarch/anyio-4.14.2-pyhcf101f3_0.conda
      - conda: https://conda.anaconda.org/conda-forge/noarch/ca-certificates-2026.7.22-hbd8a1cb_0.conda
      - conda: https://conda.anaconda.org/conda-forge/noarch/certifi-2026.7.22-pyhd8ed1ab_0.conda
      - conda: https://conda.anaconda.org/conda-forge/noarch/distro-1.9.0-pyhd8ed1ab_1.conda
      - conda: https://conda.anaconda.org/conda-forge/noarch/exceptiongroup-1.3.1-pyhd8ed1ab_0.conda
      - conda: https://conda.anaconda.org/conda-forge/noarch/h11-0.16.0-pyhcf101f3_1.conda
      - conda: https://conda.anaconda.org/conda-forge/noarch/h2-4.4.1-pyhcf101f3_0.conda
      - conda: https://conda.anaconda.org/conda-forge/noarch/hpack-4.2.0-pyhd8ed1ab_0.conda
      - conda: https://conda.anaconda.org/conda-forge/noarch/httpcore-1.0.9-pyh29332c3_0.conda
      - conda: https://conda.anaconda.org/conda-forge/noarch/httpcore2-2.12.0-pyhcf101f3_0.conda
      - conda: https://conda.anaconda.org/conda-forge/noarch/httpx-0.28.1-pyhd8ed1ab_0.conda
      - conda: https://conda.anaconda.org/conda-forge/noarch/httpx2-2.12.0-pyhcf101f3_0.conda
      - conda: https://conda.anaconda.org/conda-forge/noarch/hyperframe-6.1.0-pyhd8ed1ab_0.conda
      - conda: https://conda.anaconda.org/conda-forge/noarch/idna-3.19-pyhcf101f3_0.conda
      - conda: https://conda.anaconda.org/conda-forge/noarch/markdown-it-py-4.2.0-pyhd8ed1ab_0.conda
      - conda: https://conda.anaconda.org/conda-forge/noarch/mdurl-0.1.2-pyhd8ed1ab_1.conda
      - conda: https://conda.anaconda.org/conda-forge/noarch/openai-3.3.0-pyhd8ed1ab_0.conda
      - conda: https://conda.anaconda.org/conda-forge/noarch/pydantic-2.13.4-pyhcf101f3_0.conda
      - conda: https://conda.anaconda.org/conda-forge/noarch/pygments-2.21.0-pyhcf101f3_0.conda
      - conda: https://conda.anaconda.org/conda-forge/noarch/python-dotenv-1.2.3-pyhcf101f3_0.conda
      - conda: https://conda.anaconda.org/conda-forge/noarch/python_abi-3.14-8_cp314.conda
      - conda: https://conda.anaconda.org/conda-forge/noarch/rich-15.0.0-pyhcf101f3_0.conda
      - conda: https://conda.anaconda.org/conda-forge/noarch/sniffio-1.3.1-pyhd8ed1ab_2.conda
      - conda: https://conda.anaconda.org/conda-forge/noarch/tqdm-4.70.0-pyh8f84b5b_0.conda
      - conda: https://conda.anaconda.org/conda-forge/noarch/truststore-0.10.4-pyhcf101f3_0.conda
      - conda: https://conda.anaconda.org/conda-forge/noarch/typing-extensions-4.16.0-h69aa097_0.conda
      - conda: https://conda.anaconda.org/conda-forge/noarch/typing-inspection-0.4.4-pyhcf101f3_0.conda
      - conda: https://conda.anaconda.org/conda-forge/noarch/typing_extensions-4.16.0-pyhcf101f3_0.conda
      - conda: https://conda.anaconda.org/conda-forge/noarch/tzdata-2026c-h151e31d_0.conda
      - conda: https://conda.anaconda.org/conda-forge/osx-arm64/bzip2-1.0.8-h4e30115_10.conda
      - conda: https://conda.anaconda.org/conda-forge/osx-arm64/icu-78.3-py310h579977c_2.conda
      - conda: https://conda.anaconda.org/conda-forge/osx-arm64/jiter-0.15.0-py314ha97066b_0.conda
      - conda: https://conda.anaconda.org/conda-forge/osx-arm64/libexpat-2.8.1-hf6b4638_1.conda
      - conda: https://conda.anaconda.org/conda-forge/osx-arm64/libffi-3.7.0-hcf2aa1b_0.conda
      - conda: https://conda.anaconda.org/conda-forge/osx-arm64/liblzma-5.8.3-h8088a28_1.conda
      - conda: https://conda.anaconda.org/conda-forge/osx-arm64/libmpdec-4.0.0-h84a0fba_2.conda
      - conda: https://conda.anaconda.org/conda-forge/osx-arm64/libsqlite-3.53.4-hca69786_1.conda
      - conda: https://conda.anaconda.org/conda-forge/osx-arm64/libzlib-1.3.2-h8088a28_3.conda
      - conda: https://conda.anaconda.org/conda-forge/osx-arm64/ncurses-6.6-he64c551_1.conda
      - conda: https://conda.anaconda.org/conda-forge/osx-arm64/openssl-3.6.3-hd24854e_1.conda
      - conda: https://conda.anaconda.org/conda-forge/osx-arm64/pydantic-core-2.46.4-py314h54f3292_0.conda
      - conda: https://conda.anaconda.org/conda-forge/osx-arm64/python-3.14.7-hf4d206d_100_cp314.conda
      - conda: https://conda.anaconda.org/conda-forge/osx-arm64/readline-8.3-h8b90a29_1.conda
      - conda: https://conda.anaconda.org/conda-forge/osx-arm64/tk-8.6.13-hd3d0363_3.conda
      - conda: https://conda.anaconda.org/conda-forge/osx-arm64/zstd-1.5.7-hf451053_7.conda
packages:
- conda: https://conda.anaconda.org/conda-forge/noarch/annotated-types-0.8.0-pyhd8ed1ab_0.conda
  sha256: b8fcb994134d3918d1c64a9d62f4168ff85d5bfb89e698102fe4ed679fe0df24
  md5: 108c928d2a8551832dbc762b535e90bb
  depends:
  - python >=3.10
  - typing-extensions >=4.0.0
  license: MIT
  license_family: MIT
  run_exports: {}
  size: 19461
  timestamp: 1784935220549
- conda: https://conda.anaconda.org/conda-forge/noarch/anyio-4.14.2-pyhcf101f3_0.conda
  sha256: e36998c5e860e26b22e5dbcd5726dd0c4eabad949c84d383cad8512757bbf6a1
  md5: fb568fbae6908ba86a090a85a089d11f
  depends:
  - exceptiongroup >=1.0.2
  - idna >=2.8
  - python >=3.10
  - typing_extensions >=4.5
  - python
  constrains:
  - trio >=0.32.0
  - uvloop >=0.22.1
  - winloop >=0.2.3
  license: MIT
  license_family: MIT
  run_exports: {}
  size: 164465
  timestamp: 1783889660383
- conda: https://conda.anaconda.org/conda-forge/noarch/ca-certificates-2026.7.22-hbd8a1cb_0.conda
  sha256: 0a0544cf95f64394fe4959286f5c71f5444ad58feb0602e53becb27448d24da6
  md5: 0f51e2391ade309db462a55611263e9c
  depends:
  - __unix
  license: ISC
  run_exports: {}
  size: 131780
  timestamp: 1784754889428
- conda: https://conda.anaconda.org/conda-forge/noarch/certifi-2026.7.22-pyhd8ed1ab_0.conda
  sha256: fb167de4388e64e52aa3907ed099afab944c1fa6e5f74b281a312dae1bcf7f3b
  md5: 37e13edbe3b48f1095a9d085ef9cd83b
  depends:
  - python >=3.10
  license: ISC
  run_exports: {}
  size: 137015
  timestamp: 1784717699092
- conda: https://conda.anaconda.org/conda-forge/noarch/distro-1.9.0-pyhd8ed1ab_1.conda
  sha256: 5603c7d0321963bb9b4030eadabc3fd7ca6103a38475b4e0ed13ed6d97c86f4e
  md5: 0a2014fd9860f8b1eaa0b1f3d3771a08
  depends:
  - python >=3.9
  license: Apache-2.0
  license_family: APACHE
  run_exports: {}
  size: 41773
  timestamp: 1734729953882
- conda: https://conda.anaconda.org/conda-forge/noarch/exceptiongroup-1.3.1-pyhd8ed1ab_0.conda
  sha256: ee6cf346d017d954255bbcbdb424cddea4d14e4ed7e9813e429db1d795d01144
  md5: 8e662bd460bda79b1ea39194e3c4c9ab
  depends:
  - python >=3.10
  - typing_extensions >=4.6.0
  license: MIT and PSF-2.0
  run_exports: {}
  size: 21333
  timestamp: 1763918099466
- conda: https://conda.anaconda.org/conda-forge/noarch/h11-0.16.0-pyhcf101f3_1.conda
  sha256: 96cac6573fd35ae151f4d6979bab6fbc90cb6b1fb99054ba19eb075da9822fcb
  md5: b8993c19b0c32a2f7b66cbb58ca27069
  depends:
  - python >=3.10
  - typing_extensions
  - python
  license: MIT
  license_family: MIT
  run_exports: {}
  size: 39069
  timestamp: 1767729720872
- conda: https://conda.anaconda.org/conda-forge/noarch/h2-4.4.1-pyhcf101f3_0.conda
  sha256: 307dd6ec90140c3cf4171071b0e5e870abec314f4565c1edd5bc433e942cdcc0
  md5: e652ac7756069c456d0da2a922cd7df5
  depends:
  - python >=3.10
  - hyperframe >=6.1,<7
  - hpack >=4.2,<5
  - python
  license: MIT
  license_family: MIT
  run_exports: {}
  size: 100789
  timestamp: 1785796355216
- conda: https://conda.anaconda.org/conda-forge/noarch/hpack-4.2.0-pyhd8ed1ab_0.conda
  sha256: fdcea5d7cb314485d3907192ef024c704311548c5b0cbeb390cd1951051e29d2
  md5: b395909221b9bd1df066e5930e18855b
  depends:
  - python >=3.10
  license: MIT
  license_family: MIT
  run_exports: {}
  size: 32884
  timestamp: 1782283986153
- conda: https://conda.anaconda.org/conda-forge/noarch/httpcore-1.0.9-pyh29332c3_0.conda
  sha256: 04d49cb3c42714ce533a8553986e1642d0549a05dc5cc48e0d43ff5be6679a5b
  md5: 4f14640d58e2cc0aa0819d9d8ba125bb
  depends:
  - python >=3.9
  - h11 >=0.16
  - h2 >=3,<5
  - sniffio 1.*
  - anyio >=4.0,<5.0
  - certifi
  - python
  license: BSD-3-Clause
  license_family: BSD
  run_exports: {}
  size: 49483
  timestamp: 1745602916758
- conda: https://conda.anaconda.org/conda-forge/noarch/httpcore2-2.12.0-pyhcf101f3_0.conda
  sha256: 828fec4f2610bbbab62678f6e704a067420c277d0689b42d112226b5176c6fa1
  md5: 22f57741f7691507046698f312d57862
  depends:
  - h11 >=0.16
  - python >=3.10
  - truststore >=0.10
  - python
  constrains:
  - anyio >=4.5.0,<5.0
  - h2 >=3,<5
  - socksio 1.*
  - trio >=0.22.0,<1.0
  license: BSD-3-Clause
  license_family: BSD
  run_exports: {}
  size: 53906
  timestamp: 1787061006057
- conda: https://conda.anaconda.org/conda-forge/noarch/httpx-0.28.1-pyhd8ed1ab_0.conda
  sha256: cd0f1de3697b252df95f98383e9edb1d00386bfdd03fdf607fa42fe5fcb09950
  md5: d6989ead454181f4f9bc987d3dc4e285
  depends:
  - anyio
  - certifi
  - httpcore 1.*
  - idna
  - python >=3.9
  license: BSD-3-Clause
  license_family: BSD
  run_exports: {}
  size: 63082
  timestamp: 1733663449209
- conda: https://conda.anaconda.org/conda-forge/noarch/httpx2-2.12.0-pyhcf101f3_0.conda
  sha256: 499540ef1279c1b2d0a231d8bfbd0e174de1256ad2e77985cb4edd86d73220b2
  md5: 79b3c76b8ea64582a92a70516f5ea349
  depends:
  - anyio
  - httpcore2 ==2.12.0
  - idna >=3.18
  - python >=3.10
  - truststore >=0.10
  - typing_extensions >=4.5.0
  - python
  constrains:
  - click >=8.4
  - pygments 2.*
  - rich >=10,<16
  - h2 >=3,<5
  - socksio 1.*
  - wsproto >=1.2
  - zstandard >=0.18.0
  license: BSD-3-Clause
  license_family: BSD
  run_exports: {}
  size: 86065
  timestamp: 1787071043308
- conda: https://conda.anaconda.org/conda-forge/noarch/hyperframe-6.1.0-pyhd8ed1ab_0.conda
  sha256: 77af6f5fe8b62ca07d09ac60127a30d9069fdc3c68d6b256754d0ffb1f7779f8
  md5: 8e6923fc12f1fe8f8c4e5c9f343256ac
  depends:
  - python >=3.9
  license: MIT
  license_family: MIT
  run_exports: {}
  size: 17397
  timestamp: 1737618427549
- conda: https://conda.anaconda.org/conda-forge/noarch/idna-3.19-pyhcf101f3_0.conda
  sha256: 1c35a59c1545ad0fdaddf1fbde7bcfa6ef41a8d68c3a2b0b4a291be00676163e
  md5: a39ae05027e9b707742e41b30d296b75
  depends:
  - python >=3.10
  - python
  license: BSD-3-Clause
  license_family: BSD
  run_exports: {}
  size: 177433
  timestamp: 1787059857580
- conda: https://conda.anaconda.org/conda-forge/noarch/markdown-it-py-4.2.0-pyhd8ed1ab_0.conda
  sha256: 0c4c35376fe920714390d46e4b8d31c876d65f18e1655899e0763ec25f2a902f
  md5: 6d03368f2b2b0a5fb6839df53b2eb5e0
  depends:
  - mdurl >=0.1,<1
  - python >=3.10
  license: MIT
  license_family: MIT
  run_exports: {}
  size: 69017
  timestamp: 1778169663339
- conda: https://conda.anaconda.org/conda-forge/noarch/mdurl-0.1.2-pyhd8ed1ab_1.conda
  sha256: 78c1bbe1723449c52b7a9df1af2ee5f005209f67e40b6e1d3c7619127c43b1c7
  md5: 592132998493b3ff25fd7479396e8351
  depends:
  - python >=3.9
  license: MIT
  license_family: MIT
  run_exports: {}
  size: 14465
  timestamp: 1733255681319
- conda: https://conda.anaconda.org/conda-forge/noarch/openai-3.3.0-pyhd8ed1ab_0.conda
  sha256: d878b8d90312aba03aa3cbe45325aac49e5ed44107f820c3e2f959dcf36af7ab
  md5: 6279538c4ac5a66553f34f69fdfd5015
  depends:
  - anyio >=4.10.0,<5
  - distro >=1.7.0,<2
  - httpx >=0.23.0,<1
  - httpx2 >=2.7.0,<3
  - jiter >=0.10.0,<1
  - pydantic >=1.9.0,<3
  - python >=3.10
  - sniffio
  - tqdm >4
  - typing-extensions >=4.11,<5
  - typing_extensions >=4.14,<5
  license: MIT
  license_family: MIT
  run_exports: {}
  size: 563893
  timestamp: 1787100797935
- conda: https://conda.anaconda.org/conda-forge/noarch/pydantic-2.13.4-pyhcf101f3_0.conda
  sha256: 69700e31165df070e9716315e042196aa92525dae5deb5107785847ab9f4189f
  md5: 729843edafc0899b3348bd3f19525b9d
  depends:
  - typing-inspection >=0.4.2
  - typing_extensions >=4.14.1
  - python >=3.10
  - annotated-types >=0.6.0
  - pydantic-core ==2.46.4
  - python
  license: MIT
  license_family: MIT
  run_exports: {}
  size: 346511
  timestamp: 1778103405862
- conda: https://conda.anaconda.org/conda-forge/noarch/pygments-2.21.0-pyhcf101f3_0.conda
  sha256: f5f015ff1bc3e1b7fc08eee096b1865234189ae0b82bebdb86a5369116e42fa0
  md5: 2882dee445dfa45b0c5afce3ffb7730a
  depends:
  - python >=3.10
  - python
  license: BSD-2-Clause
  license_family: BSD
  run_exports: {}
  size: 959376
  timestamp: 1786995678795
- conda: https://conda.anaconda.org/conda-forge/noarch/python-dotenv-1.2.3-pyhcf101f3_0.conda
  sha256: ad7b2dd059c1b693a09f799cbaf4b9d06ec7677c02c9447be98e0b33a49bc04c
  md5: b55edb60d527ce56226a1026abcb3e2c
  depends:
  - python >=3.10
  - python
  license: BSD-3-Clause
  license_family: BSD
  run_exports: {}
  size: 28328
  timestamp: 1787003234261
- conda: https://conda.anaconda.org/conda-forge/noarch/python_abi-3.14-8_cp314.conda
  build_number: 8
  sha256: ad6d2e9ac39751cc0529dd1566a26751a0bf2542adb0c232533d32e176e21db5
  md5: 0539938c55b6b1a59b560e843ad864a4
  constrains:
  - python 3.14.* *_cp314
  license: BSD-3-Clause
  license_family: BSD
  run_exports: {}
  size: 6989
  timestamp: 1752805904792
- conda: https://conda.anaconda.org/conda-forge/noarch/rich-15.0.0-pyhcf101f3_0.conda
  sha256: 3d6ba2c0fcdac3196ba2f0615b4104e532525ffa1335b50a2878be5ff488814a
  md5: 0242025a3c804966bf71aa04eee82f66
  depends:
  - markdown-it-py >=2.2.0
  - pygments >=2.13.0,<3.0.0
  - python >=3.10
  - typing_extensions >=4.0.0,<5.0.0
  - python
  license: MIT
  license_family: MIT
  run_exports: {}
  size: 208577
  timestamp: 1775991661559
- conda: https://conda.anaconda.org/conda-forge/noarch/sniffio-1.3.1-pyhd8ed1ab_2.conda
  sha256: dce518f45e24cd03f401cb0616917773159a210c19d601c5f2d4e0e5879d30ad
  md5: 03fe290994c5e4ec17293cfb6bdce520
  depends:
  - python >=3.10
  license: Apache-2.0
  license_family: Apache
  run_exports: {}
  size: 15698
  timestamp: 1762941572482
- conda: https://conda.anaconda.org/conda-forge/noarch/tqdm-4.70.0-pyh8f84b5b_0.conda
  sha256: a4d9e9da15b13f1ab047e7db412e2ed564bc615832e80213cf129b973c3abf4a
  md5: 00953c3b729e03b0ae21f49fdf3441bb
  depends:
  - python >=3.10
  - __unix
  - python
  constrains:
  - envwrap >=0.2
  - ipywidgets >=6.0
  license: MPL-2.0 and MIT
  run_exports: {}
  size: 98184
  timestamp: 1785172528905
- conda: https://conda.anaconda.org/conda-forge/noarch/truststore-0.10.4-pyhcf101f3_0.conda
  sha256: eece5be81588c39a855a0b70da84e0febb878a6d91dd27d6d21370ce9e5c5a46
  md5: c2db35b004913ec69bcac64fb0783de0
  depends:
  - python >=3.10,<4
  - python
  license: MIT
  license_family: MIT
  run_exports: {}
  size: 24279
  timestamp: 1766494826559
- conda: https://conda.anaconda.org/conda-forge/noarch/typing-extensions-4.16.0-h69aa097_0.conda
  sha256: b141933ece3518f6d7b75dfb59451e2f26b405a44c18e2518a83e9a02e09315c
  md5: c680b5747e8c4c8f23dca0bb7042a8fc
  depends:
  - typing_extensions ==4.16.0 pyhcf101f3_0
  license: PSF-2.0
  license_family: PSF
  run_exports: {}
  size: 94080
  timestamp: 1783002732887
- conda: https://conda.anaconda.org/conda-forge/noarch/typing-inspection-0.4.4-pyhcf101f3_0.conda
  sha256: 293c66b208468d186a94ff486c2ffbf67859a2bde8c88e965fc9d06c517191b2
  md5: 880e91eac5d926568ef278e20554148e
  depends:
  - python >=3.10
  - typing_extensions >=4.15.0
  - python
  license: MIT
  license_family: MIT
  run_exports: {}
  size: 21070
  timestamp: 1786818918217
- conda: https://conda.anaconda.org/conda-forge/noarch/typing_extensions-4.16.0-pyhcf101f3_0.conda
  sha256: 2d888f90af0686044882c74193ec80a90ec1943145d94a7b1b048958acda1848
  md5: c70ad746c22219b9700931707482992c
  depends:
  - python >=3.10
  - python
  license: PSF-2.0
  license_family: PSF
  run_exports: {}
  size: 52631
  timestamp: 1783002732887
- conda: https://conda.anaconda.org/conda-forge/noarch/tzdata-2026c-h151e31d_0.conda
  sha256: b928c30ddcb0e3f544c6eade8352737e6e610e263276b90232db6a578ef899d8
  md5: fcb489df604d100968b737f2cb6076c6
  license: LicenseRef-Public-Domain
  run_exports: {}
  size: 118849
  timestamp: 1784250406640
- conda: https://conda.anaconda.org/conda-forge/osx-arm64/bzip2-1.0.8-h4e30115_10.conda
  sha256: 8ec22f0ba25cbfc2e64d70cf29459eccd7ffdf6436f6a6ff15bbfef799f7d4f6
  md5: b50612e7d190b8061ab4e7dc119cf4d5
  depends:
  - __osx >=11.0
  license: bzip2-1.0.6
  license_family: BSD
  run_exports:
    weak:
    - bzip2 >=1.0.8,<2.0a0
  size: 124965
  timestamp: 1785906749812
- conda: https://conda.anaconda.org/conda-forge/osx-arm64/icu-78.3-py310h579977c_2.conda
  sha256: 6cdb5dee54c72e56ab189fb3ad33cb28533553d42590e7e831160248f4416a43
  md5: a5efc0b42bb8b42e97d0a29ae3e3c187
  depends:
  - __osx >=11.0
  license: MIT
  license_family: MIT
  run_exports:
    weak:
    - icu >=78.3,<79.0a0
  size: 14070242
  timestamp: 1786545847761
- conda: https://conda.anaconda.org/conda-forge/osx-arm64/jiter-0.15.0-py314ha97066b_0.conda
  sha256: 0a6413a3f1e1aca3cd73c3aa2658a54925aa8380e8808ca46bd7e8b93cf09510
  md5: 538363c34a7a7c00582a66bcccd0953d
  depends:
  - __osx >=11.0
  - python >=3.14,<3.15.0a0
  - python >=3.14,<3.15.0a0 *_cp314
  - python_abi 3.14.* *_cp314
  constrains:
  - __osx >=11.0
  license: MIT
  license_family: MIT
  run_exports: {}
  size: 266501
  timestamp: 1779917940917
- conda: https://conda.anaconda.org/conda-forge/osx-arm64/libexpat-2.8.1-hf6b4638_1.conda
  sha256: 5af74261101e3c777399c6294b2b5d290e508153268eb2e9ff99c4d69834612f
  md5: a915151d5d3c5bf039f5ccc8402a436f
  depends:
  - __osx >=11.0
  constrains:
  - expat 2.8.1.*
  license: MIT
  license_family: MIT
  run_exports: {}
  size: 69362
  timestamp: 1781203631990
- conda: https://conda.anaconda.org/conda-forge/osx-arm64/libffi-3.7.0-hcf2aa1b_0.conda
  sha256: 2c6ac9a6cd65af89b2bd448518bb1e13b44a2e48c0d469398e37bcfc0092e832
  md5: 92e8690d170d46d768c32553458c0105
  depends:
  - __osx >=11.0
  license: MIT
  license_family: MIT
  run_exports:
    weak:
    - libffi >=3.7.0,<3.8.0a0
  size: 43734
  timestamp: 1783521647536
- conda: https://conda.anaconda.org/conda-forge/osx-arm64/liblzma-5.8.3-h8088a28_1.conda
  sha256: 23d0630046a3e8b164d8f80f2b74ed2605af2e7050ab9913018056402fae4311
  md5: 8ab10323068b107661a4b9a4af84f3b5
  depends:
  - __osx >=11.0
  constrains:
  - xz 5.8.3.*
  license: 0BSD
  run_exports:
    weak:
    - liblzma >=5.8.3,<6.0a0
  size: 91720
  timestamp: 1786348695846
- conda: https://conda.anaconda.org/conda-forge/osx-arm64/libmpdec-4.0.0-h84a0fba_2.conda
  sha256: 04cc136c5a956a73aa14e0a160b5822b0b29714e67b299fa1b1fd16dbcba5366
  md5: ff33a4dbd93abc8a798cc4e0e7c8136d
  depends:
  - __osx >=11.0
  license: BSD-2-Clause
  license_family: BSD
  run_exports: {}
  size: 73289
  timestamp: 1786651074391
- conda: https://conda.anaconda.org/conda-forge/osx-arm64/libsqlite-3.53.4-hca69786_1.conda
  sha256: 839b31d4830e896b4d315b551d27f2bb08026bc946df04bcc360d8627c3ba2cd
  md5: fde96d40ebe9a9cb34e4122380189ddb
  depends:
  - __osx >=11.0
  - icu >=78.3,<79.0a0
  - libzlib >=1.3.2,<2.0a0
  license: blessing
  run_exports:
    weak:
    - libsqlite >=3.53.4,<4.0a0
  size: 942754
  timestamp: 1787051243846
- conda: https://conda.anaconda.org/conda-forge/osx-arm64/libzlib-1.3.2-h8088a28_3.conda
  sha256: a18fa5d5bac452401459f966cf0d872224e8080c4ff93c77e168d43ab42ef9d7
  md5: f39288f0ea63ae962e1a2e4f355a0d75
  depends:
  - __osx >=11.0
  constrains:
  - zlib 1.3.2 *_3
  license: Zlib
  license_family: Other
  run_exports:
    weak:
    - libzlib >=1.3.2,<2.0a0
  size: 47822
  timestamp: 1785277049190
- conda: https://conda.anaconda.org/conda-forge/osx-arm64/ncurses-6.6-he64c551_1.conda
  sha256: 7024a48c8c0d0114ed4ab53c76bf9275d50e91ba7cea367a9aead638d3c29c68
  md5: 3dfa0d0316dc246cd44937a557de4501
  depends:
  - __osx >=11.0
  license: X11 AND BSD-3-Clause
  run_exports:
    weak:
    - ncurses >=6.6,<7.0a0
  size: 804298
  timestamp: 1786355189145
- conda: https://conda.anaconda.org/conda-forge/osx-arm64/openssl-3.6.3-hd24854e_1.conda
  sha256: 66be2283b5b37dcda1332b5e74c1782a8cb14fd2e62e0d38017c2d35bf73c119
  md5: 65d1906712b85d1679263c518d011b5b
  depends:
  - __osx >=11.0
  - ca-certificates
  license: Apache-2.0
  license_family: Apache
  run_exports:
    weak:
    - openssl >=3.6.3,<4.0a0
  size: 3109132
  timestamp: 1785913735357
- conda: https://conda.anaconda.org/conda-forge/osx-arm64/pydantic-core-2.46.4-py314h54f3292_0.conda
  sha256: c034a7cc16f279c260d3456fcfc625838495a7f9f55aa79408a629a427769bb2
  md5: 16314d88257820013e698381af19153f
  depends:
  - python
  - typing-extensions >=4.6.0,!=4.7.0
  - __osx >=11.0
  - python 3.14.* *_cp314
  - python_abi 3.14.* *_cp314
  constrains:
  - __osx >=11.0
  license: MIT
  license_family: MIT
  run_exports: {}
  size: 1722694
  timestamp: 1778084354332
- conda: https://conda.anaconda.org/conda-forge/osx-arm64/python-3.14.7-hf4d206d_100_cp314.conda
  build_number: 100
  sha256: 2f07838e44942236471d84e2a99b603badde96e58f86cf78c38488d4da64353a
  md5: 47bd7a90ff0aef0717323a94ba3a04a0
  depends:
  - __osx >=11.0
  - bzip2 >=1.0.8,<2.0a0
  - libexpat >=2.8.1,<3.0a0
  - libffi >=3.7.0,<3.8.0a0
  - liblzma >=5.8.3,<6.0a0
  - libmpdec >=4.0.0,<5.0a0
  - libsqlite >=3.53.4,<4.0a0
  - libzlib >=1.3.2,<2.0a0
  - ncurses >=6.6,<7.0a0
  - openssl >=3.5.7,<4.0a0
  - python_abi 3.14.* *_cp314
  - readline >=8.3,<9.0a0
  - tk >=8.6.13,<8.7.0a0
  - tzdata
  - zstd >=1.5.7,<1.6.0a0
  license: Python-2.0
  run_exports:
    weak:
    - python_abi 3.14.* *_cp314
    noarch:
    - python
  size: 14159560
  timestamp: 1787154022633
  python_site_packages_path: lib/python3.14/site-packages
- conda: https://conda.anaconda.org/conda-forge/osx-arm64/readline-8.3-h8b90a29_1.conda
  sha256: d6782b430e6dce4fe8c7ac118cd988d5a193eb4a7f60741edfaede58016b6110
  md5: 9347fd56a002e6b58946831d48fe62f6
  depends:
  - __osx >=11.0
  - ncurses >=6.6,<7.0a0
  license: GPL-3.0-only
  license_family: GPL
  run_exports:
    weak:
    - readline >=8.3,<9.0a0
  size: 314395
  timestamp: 1787033878899
- conda: https://conda.anaconda.org/conda-forge/osx-arm64/tk-8.6.13-hd3d0363_3.conda
  sha256: 47186bc7ab8d7e8bee86bbd1a917196f8c21cf63f081fc33cd6d1221af087580
  md5: 8e3cf0e455e6b54519f0b1c72c61780a
  depends:
  - __osx >=11.0
  - libzlib >=1.3.2,<2.0a0
  license: TCL
  run_exports:
    weak:
    - tk >=8.6.13,<8.7.0a0
  size: 3338712
  timestamp: 1784229090530
- conda: https://conda.anaconda.org/conda-forge/osx-arm64/zstd-1.5.7-hf451053_7.conda
  sha256: da867f5092eb0cb746d353694f0098031fd9817a4ce7d5743121209ae0f406ca
  md5: 4ec2684c73812cc2c3d78379384a39cc
  depends:
  - __osx >=11.0
  - libzlib >=1.3.2,<2.0a0
  license: BSD-3-Clause
  license_family: BSD
  run_exports:
    weak:
    - zstd >=1.5.7,<1.6.0a0
  size: 433687
  timestamp: 1786599629846
